
Microsoft Visual Studio Solution File, Format Version 12.00
# Visual Studio Version 17
VisualStudioVersion = 17.14.36310.24
MinimumVisualStudioVersion = 10.0.40219.1
Project("{FAE04EC0-301F-11D3-BF4B-00C04F79EFBC}") = "testgame", "testgame.csproj", "{9BDA0B4E-251E-4FAC-BFC1-0DB515BA202F}"
EndProject
Project("{FAE04EC0-301F-11D3-BF4B-00C04F79EFBC}") = "MonoGameLibrary", "..\MonoGameLibrary\MonoGameLibrary.csproj", "{BEB7DA89-6722-4F74-BCED-62ADDFC4629E}"
EndProject
Global
	GlobalSection(SolutionConfigurationPlatforms) = preSolution
		Debug|Any CPU = Debug|Any CPU
		Release|Any CPU = Release|Any CPU
	EndGlobalSection
	GlobalSection(ProjectConfigurationPlatforms) = postSolution
		{9BDA0B4E-251E-4FAC-BFC1-0DB515BA202F}.Debug|Any CPU.ActiveCfg = Debug|Any CPU
		{9BDA0B4E-251E-4FAC-BFC1-0DB515BA202F}.Debug|Any CPU.Build.0 = Debug|Any CPU
		{9BDA0B4E-251E-4FAC-BFC1-0DB515BA202F}.Release|Any CPU.ActiveCfg = Release|Any CPU
		{9BDA0B4E-251E-4FAC-BFC1-0DB515BA202F}.Release|Any CPU.Build.0 = Release|Any CPU
		{BEB7DA89-6722-4F74-BCED-62ADDFC4629E}.Debug|Any CPU.ActiveCfg = Debug|Any CPU
		{BEB7DA89-6722-4F74-BCED-62ADDFC4629E}.Debug|Any CPU.Build.0 = Debug|Any CPU
		{BEB7DA89-6722-4F74-BCED-62ADDFC4629E}.Release|Any CPU.ActiveCfg = Release|Any CPU
		{BEB7DA89-6722-4F74-BCED-62ADDFC4629E}.Release|Any CPU.Build.0 = Release|Any CPU
	EndGlobalSection
	GlobalSection(SolutionProperties) = preSolution
		HideSolutionNode = FALSE
	EndGlobalSection
	GlobalSection(ExtensibilityGlobals) = postSolution
		SolutionGuid = {172B01B1-3B14-4907-882B-54177ABB6A8D}
	EndGlobalSection
EndGlobal
